{
  "requires": true,
  "lockfileVersion": 1,
  "dependencies": {
    "all-countries-and-cities-json": {
      "version": "1.0.0",
      "resolved": "https://registry.npmjs.org/all-countries-and-cities-json/-/all-countries-and-cities-json-1.0.0.tgz",
      "integrity": "sha512-0xumBE+FtIP3VLcxFP4pybITuFpqIjcEWokdus3dy/E5+4Yr9U9xQf6ZZDxfv1W1dMPS/1rPE6KPqYfs9EHKbQ=="
    },
    "cities.json": {
      "version": "1.1.5",
      "resolved": "https://registry.npmjs.org/cities.json/-/cities.json-1.1.5.tgz",
      "integrity": "sha512-BKge3FmYfYOtN3tBaLfN9QvB7M5dDyjen3aFOn6XwgNASvLDhWTJazAtCvbpDWlpM6YWZXh4TUTsgxOn/n6MbA=="
    }
  }
}
